
Microsoft Visual Studio Solution File, Format Version 12.00
# Visual Studio Version 17
VisualStudioVersion = 17.9.34728.123
MinimumVisualStudioVersion = 10.0.40219.1
Project("{FAE04EC0-301F-11D3-BF4B-00C04F79EFBC}") = "KTPM_Van_BaiTapLon", "KTPM_94_Van_BaiTapLon\KTPM_Van_BaiTapLon.csproj", "{8F651175-D28C-46B7-8508-9CFFBA0A12FF}"
EndProject
Project("{FAE04EC0-301F-11D3-BF4B-00C04F79EFBC}") = "TamGiacTest_Van", "TamGiacTest_94_Van\TamGiacTest_Van.csproj", "{6C96EF21-499D-40D9-8B77-B4168C291470}"
EndProject
Project("{FAE04EC0-301F-11D3-BF4B-00C04F79EFBC}") = "SeleniumWebdriver_Van", "SeleniumWebdriver_94_Van\SeleniumWebdriver_Van.csproj", "{B31876DD-0D47-43A9-90E7-4E6C6AE9E89A}"
EndProject
Global
	GlobalSection(SolutionConfigurationPlatforms) = preSolution
		Debug|Any CPU = Debug|Any CPU
		Release|Any CPU = Release|Any CPU
	EndGlobalSection
	GlobalSection(ProjectConfigurationPlatforms) = postSolution
		{8F651175-D28C-46B7-8508-9CFFBA0A12FF}.Debug|Any CPU.ActiveCfg = Debug|Any CPU
		{8F651175-D28C-46B7-8508-9CFFBA0A12FF}.Debug|Any CPU.Build.0 = Debug|Any CPU
		{8F651175-D28C-46B7-8508-9CFFBA0A12FF}.Release|Any CPU.ActiveCfg = Release|Any CPU
		{8F651175-D28C-46B7-8508-9CFFBA0A12FF}.Release|Any CPU.Build.0 = Release|Any CPU
		{6C96EF21-499D-40D9-8B77-B4168C291470}.Debug|Any CPU.ActiveCfg = Debug|Any CPU
		{6C96EF21-499D-40D9-8B77-B4168C291470}.Debug|Any CPU.Build.0 = Debug|Any CPU
		{6C96EF21-499D-40D9-8B77-B4168C291470}.Release|Any CPU.ActiveCfg = Release|Any CPU
		{6C96EF21-499D-40D9-8B77-B4168C291470}.Release|Any CPU.Build.0 = Release|Any CPU
		{B31876DD-0D47-43A9-90E7-4E6C6AE9E89A}.Debug|Any CPU.ActiveCfg = Debug|Any CPU
		{B31876DD-0D47-43A9-90E7-4E6C6AE9E89A}.Debug|Any CPU.Build.0 = Debug|Any CPU
		{B31876DD-0D47-43A9-90E7-4E6C6AE9E89A}.Release|Any CPU.ActiveCfg = Release|Any CPU
		{B31876DD-0D47-43A9-90E7-4E6C6AE9E89A}.Release|Any CPU.Build.0 = Release|Any CPU
	EndGlobalSection
	GlobalSection(SolutionProperties) = preSolution
		HideSolutionNode = FALSE
	EndGlobalSection
	GlobalSection(ExtensibilityGlobals) = postSolution
		SolutionGuid = {B09B92FB-B5EB-4CCC-B409-CA84A363F708}
	EndGlobalSection
EndGlobal
